// !$*UTF8*$!
{
	archiveVersion = 1;
	classes = {
	};
	objectVersion = 50;
	objects = {

/* Begin PBXBuildFile section */
		B52E3BF625CEA528008AA49D /* BuyTableViewCell.swift in Sources */ = {isa = PBXBuildFile; fileRef = B52E3BF425CEA528008AA49D /* BuyTableViewCell.swift */; };
		B52E3BF725CEA528008AA49D /* BuyTableViewCell.xib in Resources */ = {isa = PBXBuildFile; fileRef = B52E3BF525CEA528008AA49D /* BuyTableViewCell.xib */; };
		B587918E25CD663600909EE5 /* CollectionViewCell.swift in Sources */ = {isa = PBXBuildFile; fileRef = B587918C25CD663600909EE5 /* CollectionViewCell.swift */; };
		B587918F25CD663600909EE5 /* CollectionViewCell.xib in Resources */ = {isa = PBXBuildFile; fileRef = B587918D25CD663600909EE5 /* CollectionViewCell.xib */; };
		B587919325CD838B00909EE5 /* ItemDetailViewController.swift in Sources */ = {isa = PBXBuildFile; fileRef = B587919225CD838B00909EE5 /* ItemDetailViewController.swift */; };
		B587919825CDA3B100909EE5 /* CartViewController.swift in Sources */ = {isa = PBXBuildFile; fileRef = B587919725CDA3B100909EE5 /* CartViewController.swift */; };
		B592066B25CAA66C002B9644 /* AppDelegate.swift in Sources */ = {isa = PBXBuildFile; fileRef = B592066A25CAA66C002B9644 /* AppDelegate.swift */; };
		B592066D25CAA66C002B9644 /* SceneDelegate.swift in Sources */ = {isa = PBXBuildFile; fileRef = B592066C25CAA66C002B9644 /* SceneDelegate.swift */; };
		B592066F25CAA66C002B9644 /* ViewController.swift in Sources */ = {isa = PBXBuildFile; fileRef = B592066E25CAA66C002B9644 /* ViewController.swift */; };
		B592067225CAA66C002B9644 /* Main.storyboard in Resources */ = {isa = PBXBuildFile; fileRef = B592067025CAA66C002B9644 /* Main.storyboard */; };
		B592067425CAA66F002B9644 /* Assets.xcassets in Resources */ = {isa = PBXBuildFile; fileRef = B592067325CAA66F002B9644 /* Assets.xcassets */; };
		B592067725CAA66F002B9644 /* LaunchScreen.storyboard in Resources */ = {isa = PBXBuildFile; fileRef = B592067525CAA66F002B9644 /* LaunchScreen.storyboard */; };
		B592068C25CAB1AF002B9644 /* ViewTableCell.swift in Sources */ = {isa = PBXBuildFile; fileRef = B592068A25CAB1AF002B9644 /* ViewTableCell.swift */; };
		B592068D25CAB1AF002B9644 /* ViewTableCell.xib in Resources */ = {isa = PBXBuildFile; fileRef = B592068B25CAB1AF002B9644 /* ViewTableCell.xib */; };
		B592069125CAB547002B9644 /* Item.swift in Sources */ = {isa = PBXBuildFile; fileRef = B592069025CAB547002B9644 /* Item.swift */; };
/* End PBXBuildFile section */

/* Begin PBXFileReference section */
		B52E3BF425CEA528008AA49D /* BuyTableViewCell.swift */ = {isa = PBXFileReference; lastKnownFileType = sourcecode.swift; path = BuyTableViewCell.swift; sourceTree = "<group>"; };
		B52E3BF525CEA528008AA49D /* BuyTableViewCell.xib */ = {isa = PBXFileReference; lastKnownFileType = file.xib; path = BuyTableViewCell.xib; sourceTree = "<group>"; };
		B587918C25CD663600909EE5 /* CollectionViewCell.swift */ = {isa = PBXFileReference; lastKnownFileType = sourcecode.swift; path = CollectionViewCell.swift; sourceTree = "<group>"; };
		B587918D25CD663600909EE5 /* CollectionViewCell.xib */ = {isa = PBXFileReference; lastKnownFileType = file.xib; path = CollectionViewCell.xib; sourceTree = "<group>"; };
		B587919225CD838B00909EE5 /* ItemDetailViewController.swift */ = {isa = PBXFileReference; lastKnownFileType = sourcecode.swift; path = ItemDetailViewController.swift; sourceTree = "<group>"; };
		B587919725CDA3B100909EE5 /* CartViewController.swift */ = {isa = PBXFileReference; lastKnownFileType = sourcecode.swift; path = CartViewController.swift; sourceTree = "<group>"; };
		B592066725CAA66C002B9644 /* Assignment3.app */ = {isa = PBXFileReference; explicitFileType = wrapper.application; includeInIndex = 0; path = Assignment3.app; sourceTree = BUILT_PRODUCTS_DIR; };
		B592066A25CAA66C002B9644 /* AppDelegate.swift */ = {isa = PBXFileReference; lastKnownFileType = sourcecode.swift; path = AppDelegate.swift; sourceTree = "<group>"; };
		B592066C25CAA66C002B9644 /* SceneDelegate.swift */ = {isa = PBXFileReference; lastKnownFileType = sourcecode.swift; path = SceneDelegate.swift; sourceTree = "<group>"; };
		B592066E25CAA66C002B9644 /* ViewController.swift */ = {isa = PBXFileReference; lastKnownFileType = sourcecode.swift; path = ViewController.swift; sourceTree = "<group>"; };
		B592067125CAA66C002B9644 /* Base */ = {isa = PBXFileReference; lastKnownFileType = file.storyboard; name = Base; path = Base.lproj/Main.storyboard; sourceTree = "<group>"; };
		B592067325CAA66F002B9644 /* Assets.xcassets */ = {isa = PBXFileReference; lastKnownFileType = folder.assetcatalog; path = Assets.xcassets; sourceTree = "<group>"; };
		B592067625CAA66F002B9644 /* Base */ = {isa = PBXFileReference; lastKnownFileType = file.storyboard; name = Base; path = Base.lproj/LaunchScreen.storyboard; sourceTree = "<group>"; };
		B592067825CAA66F002B9644 /* Info.plist */ = {isa = PBXFileReference; lastKnownFileType = text.plist.xml; path = Info.plist; sourceTree = "<group>"; };
		B592068A25CAB1AF002B9644 /* ViewTableCell.swift */ = {isa = PBXFileReference; lastKnownFileType = sourcecode.swift; path = ViewTableCell.swift; sourceTree = "<group>"; };
		B592068B25CAB1AF002B9644 /* ViewTableCell.xib */ = {isa = PBXFileReference; lastKnownFileType = file.xib; path = ViewTableCell.xib; sourceTree = "<group>"; };
		B592069025CAB547002B9644 /* Item.swift */ = {isa = PBXFileReference; lastKnownFileType = sourcecode.swift; path = Item.swift; sourceTree = "<group>"; };
/* End PBXFileReference section */

/* Begin PBXFrameworksBuildPhase section */
		B592066425CAA66C002B9644 /* Frameworks */ = {
			isa = PBXFrameworksBuildPhase;
			buildActionMask = 2147483647;
			files = (
			);
			runOnlyForDeploymentPostprocessing = 0;
		};
/* End PBXFrameworksBuildPhase section */

/* Begin PBXGroup section */
		B52E3BF325CEA4F7008AA49D /* cell */ = {
			isa = PBXGroup;
			children = (
				B52E3BF425CEA528008AA49D /* BuyTableViewCell.swift */,
				B52E3BF525CEA528008AA49D /* BuyTableViewCell.xib */,
			);
			path = cell;
			sourceTree = "<group>";
		};
		B587919125CD833A00909EE5 /* ItemDetails */ = {
			isa = PBXGroup;
			children = (
				B587919225CD838B00909EE5 /* ItemDetailViewController.swift */,
			);
			path = ItemDetails;
			sourceTree = "<group>";
		};
		B587919625CDA37700909EE5 /* TableViewCart */ = {
			isa = PBXGroup;
			children = (
				B52E3BF325CEA4F7008AA49D /* cell */,
				B587919725CDA3B100909EE5 /* CartViewController.swift */,
			);
			path = TableViewCart;
			sourceTree = "<group>";
		};
		B592065E25CAA66C002B9644 = {
			isa = PBXGroup;
			children = (
				B592066925CAA66C002B9644 /* Assignment3 */,
				B592066825CAA66C002B9644 /* Products */,
			);
			sourceTree = "<group>";
		};
		B592066825CAA66C002B9644 /* Products */ = {
			isa = PBXGroup;
			children = (
				B592066725CAA66C002B9644 /* Assignment3.app */,
			);
			name = Products;
			sourceTree = "<group>";
		};
		B592066925CAA66C002B9644 /* Assignment3 */ = {
			isa = PBXGroup;
			children = (
				B592068F25CAB533002B9644 /* Models */,
				B592067F25CAAAF0002B9644 /* Controllers */,
				B592066A25CAA66C002B9644 /* AppDelegate.swift */,
				B592066C25CAA66C002B9644 /* SceneDelegate.swift */,
				B592067025CAA66C002B9644 /* Main.storyboard */,
				B592067325CAA66F002B9644 /* Assets.xcassets */,
				B592067525CAA66F002B9644 /* LaunchScreen.storyboard */,
				B592067825CAA66F002B9644 /* Info.plist */,
			);
			path = Assignment3;
			sourceTree = "<group>";
		};
		B592067F25CAAAF0002B9644 /* Controllers */ = {
			isa = PBXGroup;
			children = (
				B587919625CDA37700909EE5 /* TableViewCart */,
				B587919125CD833A00909EE5 /* ItemDetails */,
				B592068125CAAE1C002B9644 /* UITableView */,
			);
			path = Controllers;
			sourceTree = "<group>";
		};
		B592068125CAAE1C002B9644 /* UITableView */ = {
			isa = PBXGroup;
			children = (
				B5C5DF0325CC7F5300E27ABC /* cell */,
				B592066E25CAA66C002B9644 /* ViewController.swift */,
			);
			path = UITableView;
			sourceTree = "<group>";
		};
		B592068F25CAB533002B9644 /* Models */ = {
			isa = PBXGroup;
			children = (
				B592069025CAB547002B9644 /* Item.swift */,
			);
			path = Models;
			sourceTree = "<group>";
		};
		B5C5DF0325CC7F5300E27ABC /* cell */ = {
			isa = PBXGroup;
			children = (
				B592068A25CAB1AF002B9644 /* ViewTableCell.swift */,
				B592068B25CAB1AF002B9644 /* ViewTableCell.xib */,
				B587918C25CD663600909EE5 /* CollectionViewCell.swift */,
				B587918D25CD663600909EE5 /* CollectionViewCell.xib */,
			);
			path = cell;
			sourceTree = "<group>";
		};
/* End PBXGroup section */

/* Begin PBXNativeTarget section */
		B592066625CAA66C002B9644 /* Assignment3 */ = {
			isa = PBXNativeTarget;
			buildConfigurationList = B592067B25CAA66F002B9644 /* Build configuration list for PBXNativeTarget "Assignment3" */;
			buildPhases = (
				B592066325CAA66C002B9644 /* Sources */,
				B592066425CAA66C002B9644 /* Frameworks */,
				B592066525CAA66C002B9644 /* Resources */,
			);
			buildRules = (
			);
			dependencies = (
			);
			name = Assignment3;
			productName = Assignment3;
			productReference = B592066725CAA66C002B9644 /* Assignment3.app */;
			productType = "com.apple.product-type.application";
		};
/* End PBXNativeTarget section */

/* Begin PBXProject section */
		B592065F25CAA66C002B9644 /* Project object */ = {
			isa = PBXProject;
			attributes = {
				LastSwiftUpdateCheck = 1240;
				LastUpgradeCheck = 1240;
				TargetAttributes = {
					B592066625CAA66C002B9644 = {
						CreatedOnToolsVersion = 12.4;
					};
				};
			};
			buildConfigurationList = B592066225CAA66C002B9644 /* Build configuration list for PBXProject "Assignment3" */;
			compatibilityVersion = "Xcode 9.3";
			developmentRegion = en;
			hasScannedForEncodings = 0;
			knownRegions = (
				en,
				Base,
			);
			mainGroup = B592065E25CAA66C002B9644;
			productRefGroup = B592066825CAA66C002B9644 /* Products */;
			projectDirPath = "";
			projectRoot = "";
			targets = (
				B592066625CAA66C002B9644 /* Assignment3 */,
			);
		};
/* End PBXProject section */

/* Begin PBXResourcesBuildPhase section */
		B592066525CAA66C002B9644 /* Resources */ = {
			isa = PBXResourcesBuildPhase;
			buildActionMask = 2147483647;
			files = (
				B592067725CAA66F002B9644 /* LaunchScreen.storyboard in Resources */,
				B592068D25CAB1AF002B9644 /* ViewTableCell.xib in Resources */,
				B592067425CAA66F002B9644 /* Assets.xcassets in Resources */,
				B592067225CAA66C002B9644 /* Main.storyboard in Resources */,
				B52E3BF725CEA528008AA49D /* BuyTableViewCell.xib in Resources */,
				B587918F25CD663600909EE5 /* CollectionViewCell.xib in Resources */,
			);
			runOnlyForDeploymentPostprocessing = 0;
		};
/* End PBXResourcesBuildPhase section */

/* Begin PBXSourcesBuildPhase section */
		B592066325CAA66C002B9644 /* Sources */ = {
			isa = PBXSourcesBuildPhase;
			buildActionMask = 2147483647;
			files = (
				B592069125CAB547002B9644 /* Item.swift in Sources */,
				B587919325CD838B00909EE5 /* ItemDetailViewController.swift in Sources */,
				B592066F25CAA66C002B9644 /* ViewController.swift in Sources */,
				B587918E25CD663600909EE5 /* CollectionViewCell.swift in Sources */,
				B587919825CDA3B100909EE5 /* CartViewController.swift in Sources */,
				B592068C25CAB1AF002B9644 /* ViewTableCell.swift in Sources */,
				B592066B25CAA66C002B9644 /* AppDelegate.swift in Sources */,
				B52E3BF625CEA528008AA49D /* BuyTableViewCell.swift in Sources */,
				B592066D25CAA66C002B9644 /* SceneDelegate.swift in Sources */,
			);
			runOnlyForDeploymentPostprocessing = 0;
		};
/* End PBXSourcesBuildPhase section */

/* Begin PBXVariantGroup section */
		B592067025CAA66C002B9644 /* Main.storyboard */ = {
			isa = PBXVariantGroup;
			children = (
				B592067125CAA66C002B9644 /* Base */,
			);
			name = Main.storyboard;
			sourceTree = "<group>";
		};
		B592067525CAA66F002B9644 /* LaunchScreen.storyboard */ = {
			isa = PBXVariantGroup;
			children = (
				B592067625CAA66F002B9644 /* Base */,
			);
			name = LaunchScreen.storyboard;
			sourceTree = "<group>";
		};
/* End PBXVariantGroup section */

/* Begin XCBuildConfiguration section */
		B592067925CAA66F002B9644 /* Debug */ = {
			isa = XCBuildConfiguration;
			buildSettings = {
				ALWAYS_SEARCH_USER_PATHS = NO;
				CLANG_ANALYZER_NONNULL = YES;
				CLANG_ANALYZER_NUMBER_OBJECT_CONVERSION = YES_AGGRESSIVE;
				CLANG_CXX_LANGUAGE_STANDARD = "gnu++14";
				CLANG_CXX_LIBRARY = "libc++";
				CLANG_ENABLE_MODULES = YES;
				CLANG_ENABLE_OBJC_ARC = YES;
				CLANG_ENABLE_OBJC_WEAK = YES;
				CLANG_WARN_BLOCK_CAPTURE_AUTORELEASING = YES;
				CLANG_WARN_BOOL_CONVERSION = YES;
				CLANG_WARN_COMMA = YES;
				CLANG_WARN_CONSTANT_CONVERSION = YES;
				CLANG_WARN_DEPRECATED_OBJC_IMPLEMENTATIONS = YES;
				CLANG_WARN_DIRECT_OBJC_ISA_USAGE = YES_ERROR;
				CLANG_WARN_DOCUMENTATION_COMMENTS = YES;
				CLANG_WARN_EMPTY_BODY = YES;
				CLANG_WARN_ENUM_CONVERSION = YES;
				CLANG_WARN_INFINITE_RECURSION = YES;
				CLANG_WARN_INT_CONVERSION = YES;
				CLANG_WARN_NON_LITERAL_NULL_CONVERSION = YES;
				CLANG_WARN_OBJC_IMPLICIT_RETAIN_SELF = YES;
				CLANG_WARN_OBJC_LITERAL_CONVERSION = YES;
				CLANG_WARN_OBJC_ROOT_CLASS = YES_ERROR;
				CLANG_WARN_QUOTED_INCLUDE_IN_FRAMEWORK_HEADER = YES;
				CLANG_WARN_RANGE_LOOP_ANALYSIS = YES;
				CLANG_WARN_STRICT_PROTOTYPES = YES;
				CLANG_WARN_SUSPICIOUS_MOVE = YES;
				CLANG_WARN_UNGUARDED_AVAILABILITY = YES_AGGRESSIVE;
				CLANG_WARN_UNREACHABLE_CODE = YES;
				CLANG_WARN__DUPLICATE_METHOD_MATCH = YES;
				COPY_PHASE_STRIP = NO;
				DEBUG_INFORMATION_FORMAT = dwarf;
				ENABLE_STRICT_OBJC_MSGSEND = YES;
				ENABLE_TESTABILITY = YES;
				GCC_C_LANGUAGE_STANDARD = gnu11;
				GCC_DYNAMIC_NO_PIC = NO;
				GCC_NO_COMMON_BLOCKS = YES;
				GCC_OPTIMIZATION_LEVEL = 0;
				GCC_PREPROCESSOR_DEFINITIONS = (
					"DEBUG=1",
					"$(inherited)",
				);
				GCC_WARN_64_TO_32_BIT_CONVERSION = YES;
				GCC_WARN_ABOUT_RETURN_TYPE = YES_ERROR;
				GCC_WARN_UNDECLARED_SELECTOR = YES;
				GCC_WARN_UNINITIALIZED_AUTOS = YES_AGGRESSIVE;
				GCC_WARN_UNUSED_FUNCTION = YES;
				GCC_WARN_UNUSED_VARIABLE = YES;
				IPHONEOS_DEPLOYMENT_TARGET = 14.4;
				MTL_ENABLE_DEBUG_INFO = INCLUDE_SOURCE;
				MTL_FAST_MATH = YES;
				ONLY_ACTIVE_ARCH = YES;
				SDKROOT = iphoneos;
				SWIFT_ACTIVE_COMPILATION_CONDITIONS = DEBUG;
				SWIFT_OPTIMIZATION_LEVEL = "-Onone";
			};
			name = Debug;
		};
		B592067A25CAA66F002B9644 /* Release */ = {
			isa = XCBuildConfiguration;
			buildSettings = {
				ALWAYS_SEARCH_USER_PATHS = NO;
				CLANG_ANALYZER_NONNULL = YES;
				CLANG_ANALYZER_NUMBER_OBJECT_CONVERSION = YES_AGGRESSIVE;
				CLANG_CXX_LANGUAGE_STANDARD = "gnu++14";
				CLANG_CXX_LIBRARY = "libc++";
				CLANG_ENABLE_MODULES = YES;
				CLANG_ENABLE_OBJC_ARC = YES;
				CLANG_ENABLE_OBJC_WEAK = YES;
				CLANG_WARN_BLOCK_CAPTURE_AUTORELEASING = YES;
				CLANG_WARN_BOOL_CONVERSION = YES;
				CLANG_WARN_COMMA = YES;
				CLANG_WARN_CONSTANT_CONVERSION = YES;
				CLANG_WARN_DEPRECATED_OBJC_IMPLEMENTATIONS = YES;
				CLANG_WARN_DIRECT_OBJC_ISA_USAGE = YES_ERROR;
				CLANG_WARN_DOCUMENTATION_COMMENTS = YES;
				CLANG_WARN_EMPTY_BODY = YES;
				CLANG_WARN_ENUM_CONVERSION = YES;
				CLANG_WARN_INFINITE_RECURSION = YES;
				CLANG_WARN_INT_CONVERSION = YES;
				CLANG_WARN_NON_LITERAL_NULL_CONVERSION = YES;
				CLANG_WARN_OBJC_IMPLICIT_RETAIN_SELF = YES;
				CLANG_WARN_OBJC_LITERAL_CONVERSION = YES;
				CLANG_WARN_OBJC_ROOT_CLASS = YES_ERROR;
				CLANG_WARN_QUOTED_INCLUDE_IN_FRAMEWORK_HEADER = YES;
				CLANG_WARN_RANGE_LOOP_ANALYSIS = YES;
				CLANG_WARN_STRICT_PROTOTYPES = YES;
				CLANG_WARN_SUSPICIOUS_MOVE = YES;
				CLANG_WARN_UNGUARDED_AVAILABILITY = YES_AGGRESSIVE;
				CLANG_WARN_UNREACHABLE_CODE = YES;
				CLANG_WARN__DUPLICATE_METHOD_MATCH = YES;
				COPY_PHASE_STRIP = NO;
				DEBUG_INFORMATION_FORMAT = "dwarf-with-dsym";
				ENABLE_NS_ASSERTIONS = NO;
				ENABLE_STRICT_OBJC_MSGSEND = YES;
				GCC_C_LANGUAGE_STANDARD = gnu11;
				GCC_NO_COMMON_BLOCKS = YES;
				GCC_WARN_64_TO_32_BIT_CONVERSION = YES;
				GCC_WARN_ABOUT_RETURN_TYPE = YES_ERROR;
				GCC_WARN_UNDECLARED_SELECTOR = YES;
				GCC_WARN_UNINITIALIZED_AUTOS = YES_AGGRESSIVE;
				GCC_WARN_UNUSED_FUNCTION = YES;
				GCC_WARN_UNUSED_VARIABLE = YES;
				IPHONEOS_DEPLOYMENT_TARGET = 14.4;
				MTL_ENABLE_DEBUG_INFO = NO;
				MTL_FAST_MATH = YES;
				SDKROOT = iphoneos;
				SWIFT_COMPILATION_MODE = wholemodule;
				SWIFT_OPTIMIZATION_LEVEL = "-O";
				VALIDATE_PRODUCT = YES;
			};
			name = Release;
		};
		B592067C25CAA66F002B9644 /* Debug */ = {
			isa = XCBuildConfiguration;
			buildSettings = {
				ASSETCATALOG_COMPILER_APPICON_NAME = AppIcon;
				ASSETCATALOG_COMPILER_GLOBAL_ACCENT_COLOR_NAME = AccentColor;
				CODE_SIGN_STYLE = Automatic;
				INFOPLIST_FILE = Assignment3/Info.plist;
				LD_RUNPATH_SEARCH_PATHS = (
					"$(inherited)",
					"@executable_path/Frameworks",
				);
				PRODUCT_BUNDLE_IDENTIFIER = local..Assignment3;
				PRODUCT_NAME = "$(TARGET_NAME)";
				SWIFT_VERSION = 5.0;
				TARGETED_DEVICE_FAMILY = "1,2";
			};
			name = Debug;
		};
		B592067D25CAA66F002B9644 /* Release */ = {
			isa = XCBuildConfiguration;
			buildSettings = {
				ASSETCATALOG_COMPILER_APPICON_NAME = AppIcon;
				ASSETCATALOG_COMPILER_GLOBAL_ACCENT_COLOR_NAME = AccentColor;
				CODE_SIGN_STYLE = Automatic;
				INFOPLIST_FILE = Assignment3/Info.plist;
				LD_RUNPATH_SEARCH_PATHS = (
					"$(inherited)",
					"@executable_path/Frameworks",
				);
				PRODUCT_BUNDLE_IDENTIFIER = local..Assignment3;
				PRODUCT_NAME = "$(TARGET_NAME)";
				SWIFT_VERSION = 5.0;
				TARGETED_DEVICE_FAMILY = "1,2";
			};
			name = Release;
		};
/* End XCBuildConfiguration section */

/* Begin XCConfigurationList section */
		B592066225CAA66C002B9644 /* Build configuration list for PBXProject "Assignment3" */ = {
			isa = XCConfigurationList;
			buildConfigurations = (
				B592067925CAA66F002B9644 /* Debug */,
				B592067A25CAA66F002B9644 /* Release */,
			);
			defaultConfigurationIsVisible = 0;
			defaultConfigurationName = Release;
		};
		B592067B25CAA66F002B9644 /* Build configuration list for PBXNativeTarget "Assignment3" */ = {
			isa = XCConfigurationList;
			buildConfigurations = (
				B592067C25CAA66F002B9644 /* Debug */,
				B592067D25CAA66F002B9644 /* Release */,
			);
			defaultConfigurationIsVisible = 0;
			defaultConfigurationName = Release;
		};
/* End XCConfigurationList section */
	};
	rootObject = B592065F25CAA66C002B9644 /* Project object */;
}
